// !$*UTF8*$!
{
	archiveVersion = 1;
	classes = {
	};
	objectVersion = 56;
	objects = {

/* Begin PBXBuildFile section */
		CC495A9C2B917DCA003A12FE /* ghosts.splineswift in Resources */ = {isa = PBXBuildFile; fileRef = CC495A9B2B917DCA003A12FE /* ghosts.splineswift */; };
		CC5C4FE32B92D6F5007CB12D /* FRMessageCard.swift in Sources */ = {isa = PBXBuildFile; fileRef = CC5C4FE22B92D6F5007CB12D /* FRMessageCard.swift */; };
		CC5C4FE52B92DD5E007CB12D /* EmergencyMessages.swift in Sources */ = {isa = PBXBuildFile; fileRef = CC5C4FE42B92DD5E007CB12D /* EmergencyMessages.swift */; };
		CC6183DB2B98697800A424F2 /* AddFriendsView.swift in Sources */ = {isa = PBXBuildFile; fileRef = CC6183DA2B98697800A424F2 /* AddFriendsView.swift */; };
		CC6183DD2B98698600A424F2 /* AddFriendsViewModel.swift in Sources */ = {isa = PBXBuildFile; fileRef = CC6183DC2B98698600A424F2 /* AddFriendsViewModel.swift */; };
		CC639C812B91A6CA00FDFC3C /* EmergencyButtonView.swift in Sources */ = {isa = PBXBuildFile; fileRef = CC639C802B91A6CA00FDFC3C /* EmergencyButtonView.swift */; };
		CC639C832B91A6E800FDFC3C /* MapView.swift in Sources */ = {isa = PBXBuildFile; fileRef = CC639C822B91A6E800FDFC3C /* MapView.swift */; };
		CC639C852B91A6F900FDFC3C /* HelplineNumberView.swift in Sources */ = {isa = PBXBuildFile; fileRef = CC639C842B91A6F900FDFC3C /* HelplineNumberView.swift */; };
		CC7B82F82B962BAA00BAABEE /* GoogleService-Info.plist in Resources */ = {isa = PBXBuildFile; fileRef = CC7B82F72B962BAA00BAABEE /* GoogleService-Info.plist */; };
		CC89EA9A2B99852400AD83DF /* HamburgerMenuView.swift in Sources */ = {isa = PBXBuildFile; fileRef = CC89EA992B99852400AD83DF /* HamburgerMenuView.swift */; };
		CCA5FBC62B95C00800D95A4A /* EmergencyContact.swift in Sources */ = {isa = PBXBuildFile; fileRef = CCA5FBC52B95C00800D95A4A /* EmergencyContact.swift */; };
		CCAFF7452B90747700C23FCD /* FirebaseAuth in Frameworks */ = {isa = PBXBuildFile; productRef = CCAFF7442B90747700C23FCD /* FirebaseAuth */; };
		CCAFF7472B90747700C23FCD /* FirebaseAuthCombine-Community in Frameworks */ = {isa = PBXBuildFile; productRef = CCAFF7462B90747700C23FCD /* FirebaseAuthCombine-Community */; };
		CCAFF7492B907A9A00C23FCD /* EmailLoginView.swift in Sources */ = {isa = PBXBuildFile; fileRef = CCAFF7482B907A9A00C23FCD /* EmailLoginView.swift */; };
		CCAFF74B2B907AA900C23FCD /* EmailSignUpView.swift in Sources */ = {isa = PBXBuildFile; fileRef = CCAFF74A2B907AA900C23FCD /* EmailSignUpView.swift */; };
		CCAFF74D2B907D8300C23FCD /* EmailSignUpViewModel.swift in Sources */ = {isa = PBXBuildFile; fileRef = CCAFF74C2B907D8300C23FCD /* EmailSignUpViewModel.swift */; };
		CCAFF74F2B907D9400C23FCD /* EmailLoginViewModel.swift in Sources */ = {isa = PBXBuildFile; fileRef = CCAFF74E2B907D9400C23FCD /* EmailLoginViewModel.swift */; };
		CCAFF7512B907DB800C23FCD /* AuthenticationViewModel.swift in Sources */ = {isa = PBXBuildFile; fileRef = CCAFF7502B907DB800C23FCD /* AuthenticationViewModel.swift */; };
		CCAFF7552B907EB500C23FCD /* FirebaseFirestore in Frameworks */ = {isa = PBXBuildFile; productRef = CCAFF7542B907EB500C23FCD /* FirebaseFirestore */; };
		CCAFF7572B907EB500C23FCD /* FirebaseFirestoreCombine-Community in Frameworks */ = {isa = PBXBuildFile; productRef = CCAFF7562B907EB500C23FCD /* FirebaseFirestoreCombine-Community */; };
		CCAFF7592B907EB500C23FCD /* FirebaseFirestoreSwift in Frameworks */ = {isa = PBXBuildFile; productRef = CCAFF7582B907EB500C23FCD /* FirebaseFirestoreSwift */; };
		CCAFF75B2B907F6400C23FCD /* Extensions.swift in Sources */ = {isa = PBXBuildFile; fileRef = CCAFF75A2B907F6400C23FCD /* Extensions.swift */; };
		CCAFF75E2B90874100C23FCD /* ProfileView.swift in Sources */ = {isa = PBXBuildFile; fileRef = CCAFF75D2B90874100C23FCD /* ProfileView.swift */; };
		CCAFF7602B90876B00C23FCD /* ProfileViewModel.swift in Sources */ = {isa = PBXBuildFile; fileRef = CCAFF75F2B90876B00C23FCD /* ProfileViewModel.swift */; };
		CCAFF7622B90931700C23FCD /* FRButton.swift in Sources */ = {isa = PBXBuildFile; fileRef = CCAFF7612B90931700C23FCD /* FRButton.swift */; };
		CCAFF7652B90AA1500C23FCD /* SplineRuntime in Frameworks */ = {isa = PBXBuildFile; productRef = CCAFF7642B90AA1500C23FCD /* SplineRuntime */; };
		CCE3C7AE2B9037FA0089CF77 /* FriendsRaiApp.swift in Sources */ = {isa = PBXBuildFile; fileRef = CCE3C7AD2B9037FA0089CF77 /* FriendsRaiApp.swift */; };
		CCE3C7B02B9037FA0089CF77 /* MainView.swift in Sources */ = {isa = PBXBuildFile; fileRef = CCE3C7AF2B9037FA0089CF77 /* MainView.swift */; };
		CCE3C7B22B9037FC0089CF77 /* Assets.xcassets in Resources */ = {isa = PBXBuildFile; fileRef = CCE3C7B12B9037FC0089CF77 /* Assets.xcassets */; };
		CCE3C7B52B9037FC0089CF77 /* Preview Assets.xcassets in Resources */ = {isa = PBXBuildFile; fileRef = CCE3C7B42B9037FC0089CF77 /* Preview Assets.xcassets */; };
		CCE3C7C52B9070E10089CF77 /* FirebaseAnalytics in Frameworks */ = {isa = PBXBuildFile; productRef = CCE3C7C42B9070E10089CF77 /* FirebaseAnalytics */; };
		CCE3C7C72B9070E10089CF77 /* FirebaseAnalyticsOnDeviceConversion in Frameworks */ = {isa = PBXBuildFile; productRef = CCE3C7C62B9070E10089CF77 /* FirebaseAnalyticsOnDeviceConversion */; };
		CCE3C7C92B9070E10089CF77 /* FirebaseAnalyticsSwift in Frameworks */ = {isa = PBXBuildFile; productRef = CCE3C7C82B9070E10089CF77 /* FirebaseAnalyticsSwift */; };
		CCE3C7CB2B9070E10089CF77 /* FirebaseAnalyticsWithoutAdIdSupport in Frameworks */ = {isa = PBXBuildFile; productRef = CCE3C7CA2B9070E10089CF77 /* FirebaseAnalyticsWithoutAdIdSupport */; };
		CCE3C7CD2B9070E10089CF77 /* FirebaseAppCheck in Frameworks */ = {isa = PBXBuildFile; productRef = CCE3C7CC2B9070E10089CF77 /* FirebaseAppCheck */; };
		CCE3C7D02B9070F80089CF77 /* GoogleSignIn in Frameworks */ = {isa = PBXBuildFile; productRef = CCE3C7CF2B9070F80089CF77 /* GoogleSignIn */; };
		CCE3C7D22B9070F80089CF77 /* GoogleSignInSwift in Frameworks */ = {isa = PBXBuildFile; productRef = CCE3C7D12B9070F80089CF77 /* GoogleSignInSwift */; };
		CCE3C7D62B90726B0089CF77 /* AuthenticationView.swift in Sources */ = {isa = PBXBuildFile; fileRef = CCE3C7D52B90726B0089CF77 /* AuthenticationView.swift */; };
		CCE3C7DA2B9073050089CF77 /* Users.swift in Sources */ = {isa = PBXBuildFile; fileRef = CCE3C7D92B9073050089CF77 /* Users.swift */; };
		CCE3C7DC2B9073790089CF77 /* MainViewModel.swift in Sources */ = {isa = PBXBuildFile; fileRef = CCE3C7DB2B9073790089CF77 /* MainViewModel.swift */; };
		CCE49E4D2B931BEE00963D2E /* EmergencyButtonViewModel.swift in Sources */ = {isa = PBXBuildFile; fileRef = CCE49E4C2B931BEE00963D2E /* EmergencyButtonViewModel.swift */; };
/* End PBXBuildFile section */

/* Begin PBXFileReference section */
		CC495A9B2B917DCA003A12FE /* ghosts.splineswift */ = {isa = PBXFileReference; lastKnownFileType = file; path = ghosts.splineswift; sourceTree = "<group>"; };
		CC5C4FE22B92D6F5007CB12D /* FRMessageCard.swift */ = {isa = PBXFileReference; lastKnownFileType = sourcecode.swift; path = FRMessageCard.swift; sourceTree = "<group>"; };
		CC5C4FE42B92DD5E007CB12D /* EmergencyMessages.swift */ = {isa = PBXFileReference; lastKnownFileType = sourcecode.swift; path = EmergencyMessages.swift; sourceTree = "<group>"; };
		CC6183DA2B98697800A424F2 /* AddFriendsView.swift */ = {isa = PBXFileReference; lastKnownFileType = sourcecode.swift; path = AddFriendsView.swift; sourceTree = "<group>"; };
		CC6183DC2B98698600A424F2 /* AddFriendsViewModel.swift */ = {isa = PBXFileReference; lastKnownFileType = sourcecode.swift; path = AddFriendsViewModel.swift; sourceTree = "<group>"; };
		CC639C802B91A6CA00FDFC3C /* EmergencyButtonView.swift */ = {isa = PBXFileReference; lastKnownFileType = sourcecode.swift; path = EmergencyButtonView.swift; sourceTree = "<group>"; };
		CC639C822B91A6E800FDFC3C /* MapView.swift */ = {isa = PBXFileReference; lastKnownFileType = sourcecode.swift; path = MapView.swift; sourceTree = "<group>"; };
		CC639C842B91A6F900FDFC3C /* HelplineNumberView.swift */ = {isa = PBXFileReference; lastKnownFileType = sourcecode.swift; path = HelplineNumberView.swift; sourceTree = "<group>"; };
		CC7B82F72B962BAA00BAABEE /* GoogleService-Info.plist */ = {isa = PBXFileReference; fileEncoding = 4; lastKnownFileType = text.plist.xml; path = "GoogleService-Info.plist"; sourceTree = "<group>"; };
		CC89EA992B99852400AD83DF /* HamburgerMenuView.swift */ = {isa = PBXFileReference; lastKnownFileType = sourcecode.swift; path = HamburgerMenuView.swift; sourceTree = "<group>"; };
		CCA5FBC52B95C00800D95A4A /* EmergencyContact.swift */ = {isa = PBXFileReference; lastKnownFileType = sourcecode.swift; path = EmergencyContact.swift; sourceTree = "<group>"; };
		CCAFF7482B907A9A00C23FCD /* EmailLoginView.swift */ = {isa = PBXFileReference; lastKnownFileType = sourcecode.swift; path = EmailLoginView.swift; sourceTree = "<group>"; };
		CCAFF74A2B907AA900C23FCD /* EmailSignUpView.swift */ = {isa = PBXFileReference; lastKnownFileType = sourcecode.swift; path = EmailSignUpView.swift; sourceTree = "<group>"; };
		CCAFF74C2B907D8300C23FCD /* EmailSignUpViewModel.swift */ = {isa = PBXFileReference; lastKnownFileType = sourcecode.swift; path = EmailSignUpViewModel.swift; sourceTree = "<group>"; };
		CCAFF74E2B907D9400C23FCD /* EmailLoginViewModel.swift */ = {isa = PBXFileReference; lastKnownFileType = sourcecode.swift; path = EmailLoginViewModel.swift; sourceTree = "<group>"; };
		CCAFF7502B907DB800C23FCD /* AuthenticationViewModel.swift */ = {isa = PBXFileReference; lastKnownFileType = sourcecode.swift; path = AuthenticationViewModel.swift; sourceTree = "<group>"; };
		CCAFF75A2B907F6400C23FCD /* Extensions.swift */ = {isa = PBXFileReference; lastKnownFileType = sourcecode.swift; path = Extensions.swift; sourceTree = "<group>"; };
		CCAFF75C2B90817500C23FCD /* Info.plist */ = {isa = PBXFileReference; lastKnownFileType = text.plist; path = Info.plist; sourceTree = "<group>"; };
		CCAFF75D2B90874100C23FCD /* ProfileView.swift */ = {isa = PBXFileReference; lastKnownFileType = sourcecode.swift; path = ProfileView.swift; sourceTree = "<group>"; };
		CCAFF75F2B90876B00C23FCD /* ProfileViewModel.swift */ = {isa = PBXFileReference; lastKnownFileType = sourcecode.swift; path = ProfileViewModel.swift; sourceTree = "<group>"; };
		CCAFF7612B90931700C23FCD /* FRButton.swift */ = {isa = PBXFileReference; lastKnownFileType = sourcecode.swift; path = FRButton.swift; sourceTree = "<group>"; };
		CCE3C7AA2B9037FA0089CF77 /* FriendsRai.app */ = {isa = PBXFileReference; explicitFileType = wrapper.application; includeInIndex = 0; path = FriendsRai.app; sourceTree = BUILT_PRODUCTS_DIR; };
		CCE3C7AD2B9037FA0089CF77 /* FriendsRaiApp.swift */ = {isa = PBXFileReference; lastKnownFileType = sourcecode.swift; path = FriendsRaiApp.swift; sourceTree = "<group>"; };
		CCE3C7AF2B9037FA0089CF77 /* MainView.swift */ = {isa = PBXFileReference; lastKnownFileType = sourcecode.swift; path = MainView.swift; sourceTree = "<group>"; };
		CCE3C7B12B9037FC0089CF77 /* Assets.xcassets */ = {isa = PBXFileReference; lastKnownFileType = folder.assetcatalog; path = Assets.xcassets; sourceTree = "<group>"; };
		CCE3C7B42B9037FC0089CF77 /* Preview Assets.xcassets */ = {isa = PBXFileReference; lastKnownFileType = folder.assetcatalog; path = "Preview Assets.xcassets"; sourceTree = "<group>"; };
		CCE3C7D52B90726B0089CF77 /* AuthenticationView.swift */ = {isa = PBXFileReference; lastKnownFileType = sourcecode.swift; path = AuthenticationView.swift; sourceTree = "<group>"; };
		CCE3C7D92B9073050089CF77 /* Users.swift */ = {isa = PBXFileReference; lastKnownFileType = sourcecode.swift; path = Users.swift; sourceTree = "<group>"; };
		CCE3C7DB2B9073790089CF77 /* MainViewModel.swift */ = {isa = PBXFileReference; lastKnownFileType = sourcecode.swift; path = MainViewModel.swift; sourceTree = "<group>"; };
		CCE49E4C2B931BEE00963D2E /* EmergencyButtonViewModel.swift */ = {isa = PBXFileReference; lastKnownFileType = sourcecode.swift; path = EmergencyButtonViewModel.swift; sourceTree = "<group>"; };
/* End PBXFileReference section */

/* Begin PBXFrameworksBuildPhase section */
		CCE3C7A72B9037FA0089CF77 /* Frameworks */ = {
			isa = PBXFrameworksBuildPhase;
			buildActionMask = 2147483647;
			files = (
				CCE3C7C92B9070E10089CF77 /* FirebaseAnalyticsSwift in Frameworks */,
				CCAFF7472B90747700C23FCD /* FirebaseAuthCombine-Community in Frameworks */,
				CCE3C7C52B9070E10089CF77 /* FirebaseAnalytics in Frameworks */,
				CCAFF7552B907EB500C23FCD /* FirebaseFirestore in Frameworks */,
				CCE3C7D22B9070F80089CF77 /* GoogleSignInSwift in Frameworks */,
				CCAFF7572B907EB500C23FCD /* FirebaseFirestoreCombine-Community in Frameworks */,
				CCE3C7C72B9070E10089CF77 /* FirebaseAnalyticsOnDeviceConversion in Frameworks */,
				CCE3C7CD2B9070E10089CF77 /* FirebaseAppCheck in Frameworks */,
				CCAFF7652B90AA1500C23FCD /* SplineRuntime in Frameworks */,
				CCE3C7CB2B9070E10089CF77 /* FirebaseAnalyticsWithoutAdIdSupport in Frameworks */,
				CCE3C7D02B9070F80089CF77 /* GoogleSignIn in Frameworks */,
				CCAFF7452B90747700C23FCD /* FirebaseAuth in Frameworks */,
				CCAFF7592B907EB500C23FCD /* FirebaseFirestoreSwift in Frameworks */,
			);
			runOnlyForDeploymentPostprocessing = 0;
		};
/* End PBXFrameworksBuildPhase section */

/* Begin PBXGroup section */
		CCAFF7432B90747700C23FCD /* Frameworks */ = {
			isa = PBXGroup;
			children = (
			);
			name = Frameworks;
			sourceTree = "<group>";
		};
		CCE3C7A12B9037FA0089CF77 = {
			isa = PBXGroup;
			children = (
				CCE3C7AC2B9037FA0089CF77 /* FriendsRai */,
				CCE3C7AB2B9037FA0089CF77 /* Products */,
				CCAFF7432B90747700C23FCD /* Frameworks */,
			);
			sourceTree = "<group>";
		};
		CCE3C7AB2B9037FA0089CF77 /* Products */ = {
			isa = PBXGroup;
			children = (
				CCE3C7AA2B9037FA0089CF77 /* FriendsRai.app */,
			);
			name = Products;
			sourceTree = "<group>";
		};
		CCE3C7AC2B9037FA0089CF77 /* FriendsRai */ = {
			isa = PBXGroup;
			children = (
				CCAFF75C2B90817500C23FCD /* Info.plist */,
				CCE3C7BB2B906DC30089CF77 /* Support */,
				CCE3C7C22B906E610089CF77 /* Utilities */,
				CCE3C7C12B906E4F0089CF77 /* View */,
				CCE3C7C02B906E480089CF77 /* ViewModel */,
				CCE3C7BF2B906E410089CF77 /* Model */,
				CCE3C7B32B9037FC0089CF77 /* Preview Content */,
			);
			path = FriendsRai;
			sourceTree = "<group>";
		};
		CCE3C7B32B9037FC0089CF77 /* Preview Content */ = {
			isa = PBXGroup;
			children = (
				CCE3C7B42B9037FC0089CF77 /* Preview Assets.xcassets */,
			);
			path = "Preview Content";
			sourceTree = "<group>";
		};
		CCE3C7BB2B906DC30089CF77 /* Support */ = {
			isa = PBXGroup;
			children = (
				CC495A9B2B917DCA003A12FE /* ghosts.splineswift */,
				CCE3C7B12B9037FC0089CF77 /* Assets.xcassets */,
				CC7B82F72B962BAA00BAABEE /* GoogleService-Info.plist */,
				CCE3C7AD2B9037FA0089CF77 /* FriendsRaiApp.swift */,
			);
			path = Support;
			sourceTree = "<group>";
		};
		CCE3C7BF2B906E410089CF77 /* Model */ = {
			isa = PBXGroup;
			children = (
				CCE3C7D92B9073050089CF77 /* Users.swift */,
				CC5C4FE42B92DD5E007CB12D /* EmergencyMessages.swift */,
				CCA5FBC52B95C00800D95A4A /* EmergencyContact.swift */,
			);
			path = Model;
			sourceTree = "<group>";
		};
		CCE3C7C02B906E480089CF77 /* ViewModel */ = {
			isa = PBXGroup;
			children = (
				CCE3C7DB2B9073790089CF77 /* MainViewModel.swift */,
				CCAFF74C2B907D8300C23FCD /* EmailSignUpViewModel.swift */,
				CCAFF74E2B907D9400C23FCD /* EmailLoginViewModel.swift */,
				CC6183DC2B98698600A424F2 /* AddFriendsViewModel.swift */,
				CCAFF7502B907DB800C23FCD /* AuthenticationViewModel.swift */,
				CCAFF75F2B90876B00C23FCD /* ProfileViewModel.swift */,
				CCE49E4C2B931BEE00963D2E /* EmergencyButtonViewModel.swift */,
			);
			path = ViewModel;
			sourceTree = "<group>";
		};
		CCE3C7C12B906E4F0089CF77 /* View */ = {
			isa = PBXGroup;
			children = (
				CCE3C7AF2B9037FA0089CF77 /* MainView.swift */,
				CCE3C7D52B90726B0089CF77 /* AuthenticationView.swift */,
				CCAFF7482B907A9A00C23FCD /* EmailLoginView.swift */,
				CCAFF74A2B907AA900C23FCD /* EmailSignUpView.swift */,
				CCAFF75D2B90874100C23FCD /* ProfileView.swift */,
				CC639C802B91A6CA00FDFC3C /* EmergencyButtonView.swift */,
				CC639C822B91A6E800FDFC3C /* MapView.swift */,
				CC639C842B91A6F900FDFC3C /* HelplineNumberView.swift */,
				CC6183DA2B98697800A424F2 /* AddFriendsView.swift */,
				CC89EA992B99852400AD83DF /* HamburgerMenuView.swift */,
			);
			path = View;
			sourceTree = "<group>";
		};
		CCE3C7C22B906E610089CF77 /* Utilities */ = {
			isa = PBXGroup;
			children = (
				CCAFF75A2B907F6400C23FCD /* Extensions.swift */,
				CCAFF7612B90931700C23FCD /* FRButton.swift */,
				CC5C4FE22B92D6F5007CB12D /* FRMessageCard.swift */,
			);
			path = Utilities;
			sourceTree = "<group>";
		};
/* End PBXGroup section */

/* Begin PBXNativeTarget section */
		CCE3C7A92B9037FA0089CF77 /* FriendsRai */ = {
			isa = PBXNativeTarget;
			buildConfigurationList = CCE3C7B82B9037FC0089CF77 /* Build configuration list for PBXNativeTarget "FriendsRai" */;
			buildPhases = (
				CCE3C7A62B9037FA0089CF77 /* Sources */,
				CCE3C7A72B9037FA0089CF77 /* Frameworks */,
				CCE3C7A82B9037FA0089CF77 /* Resources */,
			);
			buildRules = (
			);
			dependencies = (
			);
			name = FriendsRai;
			packageProductDependencies = (
				CCE3C7C42B9070E10089CF77 /* FirebaseAnalytics */,
				CCE3C7C62B9070E10089CF77 /* FirebaseAnalyticsOnDeviceConversion */,
				CCE3C7C82B9070E10089CF77 /* FirebaseAnalyticsSwift */,
				CCE3C7CA2B9070E10089CF77 /* FirebaseAnalyticsWithoutAdIdSupport */,
				CCE3C7CC2B9070E10089CF77 /* FirebaseAppCheck */,
				CCE3C7CF2B9070F80089CF77 /* GoogleSignIn */,
				CCE3C7D12B9070F80089CF77 /* GoogleSignInSwift */,
				CCAFF7442B90747700C23FCD /* FirebaseAuth */,
				CCAFF7462B90747700C23FCD /* FirebaseAuthCombine-Community */,
				CCAFF7542B907EB500C23FCD /* FirebaseFirestore */,
				CCAFF7562B907EB500C23FCD /* FirebaseFirestoreCombine-Community */,
				CCAFF7582B907EB500C23FCD /* FirebaseFirestoreSwift */,
				CCAFF7642B90AA1500C23FCD /* SplineRuntime */,
			);
			productName = FriendsRai;
			productReference = CCE3C7AA2B9037FA0089CF77 /* FriendsRai.app */;
			productType = "com.apple.product-type.application";
		};
/* End PBXNativeTarget section */

/* Begin PBXProject section */
		CCE3C7A22B9037FA0089CF77 /* Project object */ = {
			isa = PBXProject;
			attributes = {
				BuildIndependentTargetsInParallel = 1;
				LastSwiftUpdateCheck = 1520;
				LastUpgradeCheck = 1520;
				TargetAttributes = {
					CCE3C7A92B9037FA0089CF77 = {
						CreatedOnToolsVersion = 15.2;
					};
				};
			};
			buildConfigurationList = CCE3C7A52B9037FA0089CF77 /* Build configuration list for PBXProject "FriendsRai" */;
			compatibilityVersion = "Xcode 14.0";
			developmentRegion = en;
			hasScannedForEncodings = 0;
			knownRegions = (
				en,
				Base,
			);
			mainGroup = CCE3C7A12B9037FA0089CF77;
			packageReferences = (
				CCE3C7C32B9070E10089CF77 /* XCRemoteSwiftPackageReference "firebase-ios-sdk" */,
				CCE3C7CE2B9070F80089CF77 /* XCRemoteSwiftPackageReference "GoogleSignIn-iOS" */,
				CCAFF7632B90AA1500C23FCD /* XCRemoteSwiftPackageReference "spline-ios" */,
			);
			productRefGroup = CCE3C7AB2B9037FA0089CF77 /* Products */;
			projectDirPath = "";
			projectRoot = "";
			targets = (
				CCE3C7A92B9037FA0089CF77 /* FriendsRai */,
			);
		};
/* End PBXProject section */

/* Begin PBXResourcesBuildPhase section */
		CCE3C7A82B9037FA0089CF77 /* Resources */ = {
			isa = PBXResourcesBuildPhase;
			buildActionMask = 2147483647;
			files = (
				CC495A9C2B917DCA003A12FE /* ghosts.splineswift in Resources */,
				CC7B82F82B962BAA00BAABEE /* GoogleService-Info.plist in Resources */,
				CCE3C7B52B9037FC0089CF77 /* Preview Assets.xcassets in Resources */,
				CCE3C7B22B9037FC0089CF77 /* Assets.xcassets in Resources */,
			);
			runOnlyForDeploymentPostprocessing = 0;
		};
/* End PBXResourcesBuildPhase section */

/* Begin PBXSourcesBuildPhase section */
		CCE3C7A62B9037FA0089CF77 /* Sources */ = {
			isa = PBXSourcesBuildPhase;
			buildActionMask = 2147483647;
			files = (
				CCE49E4D2B931BEE00963D2E /* EmergencyButtonViewModel.swift in Sources */,
				CCAFF7492B907A9A00C23FCD /* EmailLoginView.swift in Sources */,
				CCAFF74F2B907D9400C23FCD /* EmailLoginViewModel.swift in Sources */,
				CCAFF74B2B907AA900C23FCD /* EmailSignUpView.swift in Sources */,
				CCE3C7B02B9037FA0089CF77 /* MainView.swift in Sources */,
				CCAFF7512B907DB800C23FCD /* AuthenticationViewModel.swift in Sources */,
				CCAFF7622B90931700C23FCD /* FRButton.swift in Sources */,
				CC89EA9A2B99852400AD83DF /* HamburgerMenuView.swift in Sources */,
				CCAFF74D2B907D8300C23FCD /* EmailSignUpViewModel.swift in Sources */,
				CC639C852B91A6F900FDFC3C /* HelplineNumberView.swift in Sources */,
				CCAFF75B2B907F6400C23FCD /* Extensions.swift in Sources */,
				CC6183DD2B98698600A424F2 /* AddFriendsViewModel.swift in Sources */,
				CC5C4FE32B92D6F5007CB12D /* FRMessageCard.swift in Sources */,
				CCAFF7602B90876B00C23FCD /* ProfileViewModel.swift in Sources */,
				CC639C832B91A6E800FDFC3C /* MapView.swift in Sources */,
				CC639C812B91A6CA00FDFC3C /* EmergencyButtonView.swift in Sources */,
				CCE3C7DA2B9073050089CF77 /* Users.swift in Sources */,
				CCE3C7AE2B9037FA0089CF77 /* FriendsRaiApp.swift in Sources */,
				CC6183DB2B98697800A424F2 /* AddFriendsView.swift in Sources */,
				CCE3C7D62B90726B0089CF77 /* AuthenticationView.swift in Sources */,
				CCAFF75E2B90874100C23FCD /* ProfileView.swift in Sources */,
				CCE3C7DC2B9073790089CF77 /* MainViewModel.swift in Sources */,
				CC5C4FE52B92DD5E007CB12D /* EmergencyMessages.swift in Sources */,
				CCA5FBC62B95C00800D95A4A /* EmergencyContact.swift in Sources */,
			);
			runOnlyForDeploymentPostprocessing = 0;
		};
/* End PBXSourcesBuildPhase section */

/* Begin XCBuildConfiguration section */
		CCE3C7B62B9037FC0089CF77 /* Debug */ = {
			isa = XCBuildConfiguration;
			buildSettings = {
				ALWAYS_SEARCH_USER_PATHS = NO;
				ASSETCATALOG_COMPILER_GENERATE_SWIFT_ASSET_SYMBOL_EXTENSIONS = YES;
				CLANG_ANALYZER_NONNULL = YES;
				CLANG_ANALYZER_NUMBER_OBJECT_CONVERSION = YES_AGGRESSIVE;
				CLANG_CXX_LANGUAGE_STANDARD = "gnu++20";
				CLANG_ENABLE_MODULES = YES;
				CLANG_ENABLE_OBJC_ARC = YES;
				CLANG_ENABLE_OBJC_WEAK = YES;
				CLANG_WARN_BLOCK_CAPTURE_AUTORELEASING = YES;
				CLANG_WARN_BOOL_CONVERSION = YES;
				CLANG_WARN_COMMA = YES;
				CLANG_WARN_CONSTANT_CONVERSION = YES;
				CLANG_WARN_DEPRECATED_OBJC_IMPLEMENTATIONS = YES;
				CLANG_WARN_DIRECT_OBJC_ISA_USAGE = YES_ERROR;
				CLANG_WARN_DOCUMENTATION_COMMENTS = YES;
				CLANG_WARN_EMPTY_BODY = YES;
				CLANG_WARN_ENUM_CONVERSION = YES;
				CLANG_WARN_INFINITE_RECURSION = YES;
				CLANG_WARN_INT_CONVERSION = YES;
				CLANG_WARN_NON_LITERAL_NULL_CONVERSION = YES;
				CLANG_WARN_OBJC_IMPLICIT_RETAIN_SELF = YES;
				CLANG_WARN_OBJC_LITERAL_CONVERSION = YES;
				CLANG_WARN_OBJC_ROOT_CLASS = YES_ERROR;
				CLANG_WARN_QUOTED_INCLUDE_IN_FRAMEWORK_HEADER = YES;
				CLANG_WARN_RANGE_LOOP_ANALYSIS = YES;
				CLANG_WARN_STRICT_PROTOTYPES = YES;
				CLANG_WARN_SUSPICIOUS_MOVE = YES;
				CLANG_WARN_UNGUARDED_AVAILABILITY = YES_AGGRESSIVE;
				CLANG_WARN_UNREACHABLE_CODE = YES;
				CLANG_WARN__DUPLICATE_METHOD_MATCH = YES;
				COPY_PHASE_STRIP = NO;
				DEBUG_INFORMATION_FORMAT = dwarf;
				ENABLE_STRICT_OBJC_MSGSEND = YES;
				ENABLE_TESTABILITY = YES;
				ENABLE_USER_SCRIPT_SANDBOXING = YES;
				GCC_C_LANGUAGE_STANDARD = gnu17;
				GCC_DYNAMIC_NO_PIC = NO;
				GCC_NO_COMMON_BLOCKS = YES;
				GCC_OPTIMIZATION_LEVEL = 0;
				GCC_PREPROCESSOR_DEFINITIONS = (
					"DEBUG=1",
					"$(inherited)",
				);
				GCC_WARN_64_TO_32_BIT_CONVERSION = YES;
				GCC_WARN_ABOUT_RETURN_TYPE = YES_ERROR;
				GCC_WARN_UNDECLARED_SELECTOR = YES;
				GCC_WARN_UNINITIALIZED_AUTOS = YES_AGGRESSIVE;
				GCC_WARN_UNUSED_FUNCTION = YES;
				GCC_WARN_UNUSED_VARIABLE = YES;
				IPHONEOS_DEPLOYMENT_TARGET = 17.2;
				LOCALIZATION_PREFERS_STRING_CATALOGS = YES;
				MTL_ENABLE_DEBUG_INFO = INCLUDE_SOURCE;
				MTL_FAST_MATH = YES;
				ONLY_ACTIVE_ARCH = YES;
				SDKROOT = iphoneos;
				SWIFT_ACTIVE_COMPILATION_CONDITIONS = "DEBUG $(inherited)";
				SWIFT_OPTIMIZATION_LEVEL = "-Onone";
			};
			name = Debug;
		};
		CCE3C7B72B9037FC0089CF77 /* Release */ = {
			isa = XCBuildConfiguration;
			buildSettings = {
				ALWAYS_SEARCH_USER_PATHS = NO;
				ASSETCATALOG_COMPILER_GENERATE_SWIFT_ASSET_SYMBOL_EXTENSIONS = YES;
				CLANG_ANALYZER_NONNULL = YES;
				CLANG_ANALYZER_NUMBER_OBJECT_CONVERSION = YES_AGGRESSIVE;
				CLANG_CXX_LANGUAGE_STANDARD = "gnu++20";
				CLANG_ENABLE_MODULES = YES;
				CLANG_ENABLE_OBJC_ARC = YES;
				CLANG_ENABLE_OBJC_WEAK = YES;
				CLANG_WARN_BLOCK_CAPTURE_AUTORELEASING = YES;
				CLANG_WARN_BOOL_CONVERSION = YES;
				CLANG_WARN_COMMA = YES;
				CLANG_WARN_CONSTANT_CONVERSION = YES;
				CLANG_WARN_DEPRECATED_OBJC_IMPLEMENTATIONS = YES;
				CLANG_WARN_DIRECT_OBJC_ISA_USAGE = YES_ERROR;
				CLANG_WARN_DOCUMENTATION_COMMENTS = YES;
				CLANG_WARN_EMPTY_BODY = YES;
				CLANG_WARN_ENUM_CONVERSION = YES;
				CLANG_WARN_INFINITE_RECURSION = YES;
				CLANG_WARN_INT_CONVERSION = YES;
				CLANG_WARN_NON_LITERAL_NULL_CONVERSION = YES;
				CLANG_WARN_OBJC_IMPLICIT_RETAIN_SELF = YES;
				CLANG_WARN_OBJC_LITERAL_CONVERSION = YES;
				CLANG_WARN_OBJC_ROOT_CLASS = YES_ERROR;
				CLANG_WARN_QUOTED_INCLUDE_IN_FRAMEWORK_HEADER = YES;
				CLANG_WARN_RANGE_LOOP_ANALYSIS = YES;
				CLANG_WARN_STRICT_PROTOTYPES = YES;
				CLANG_WARN_SUSPICIOUS_MOVE = YES;
				CLANG_WARN_UNGUARDED_AVAILABILITY = YES_AGGRESSIVE;
				CLANG_WARN_UNREACHABLE_CODE = YES;
				CLANG_WARN__DUPLICATE_METHOD_MATCH = YES;
				COPY_PHASE_STRIP = NO;
				DEBUG_INFORMATION_FORMAT = "dwarf-with-dsym";
				ENABLE_NS_ASSERTIONS = NO;
				ENABLE_STRICT_OBJC_MSGSEND = YES;
				ENABLE_USER_SCRIPT_SANDBOXING = YES;
				GCC_C_LANGUAGE_STANDARD = gnu17;
				GCC_NO_COMMON_BLOCKS = YES;
				GCC_WARN_64_TO_32_BIT_CONVERSION = YES;
				GCC_WARN_ABOUT_RETURN_TYPE = YES_ERROR;
				GCC_WARN_UNDECLARED_SELECTOR = YES;
				GCC_WARN_UNINITIALIZED_AUTOS = YES_AGGRESSIVE;
				GCC_WARN_UNUSED_FUNCTION = YES;
				GCC_WARN_UNUSED_VARIABLE = YES;
				IPHONEOS_DEPLOYMENT_TARGET = 17.2;
				LOCALIZATION_PREFERS_STRING_CATALOGS = YES;
				MTL_ENABLE_DEBUG_INFO = NO;
				MTL_FAST_MATH = YES;
				SDKROOT = iphoneos;
				SWIFT_COMPILATION_MODE = wholemodule;
				VALIDATE_PRODUCT = YES;
			};
			name = Release;
		};
		CCE3C7B92B9037FC0089CF77 /* Debug */ = {
			isa = XCBuildConfiguration;
			buildSettings = {
				ASSETCATALOG_COMPILER_APPICON_NAME = AppIcon;
				ASSETCATALOG_COMPILER_GLOBAL_ACCENT_COLOR_NAME = AccentColor;
				CODE_SIGN_STYLE = Automatic;
				CURRENT_PROJECT_VERSION = 1;
				DEVELOPMENT_ASSET_PATHS = "\"FriendsRai/Preview Content\"";
				DEVELOPMENT_TEAM = 792SAN8W5Y;
				ENABLE_PREVIEWS = YES;
				GENERATE_INFOPLIST_FILE = YES;
				INFOPLIST_FILE = FriendsRai/Info.plist;
				INFOPLIST_KEY_UIApplicationSceneManifest_Generation = YES;
				INFOPLIST_KEY_UIApplicationSupportsIndirectInputEvents = YES;
				INFOPLIST_KEY_UILaunchScreen_Generation = YES;
				INFOPLIST_KEY_UISupportedInterfaceOrientations = UIInterfaceOrientationPortrait;
				LD_RUNPATH_SEARCH_PATHS = (
					"$(inherited)",
					"@executable_path/Frameworks",
				);
				MARKETING_VERSION = 1.0;
				PRODUCT_BUNDLE_IDENTIFIER = krishmittal.FriendsRai;
				PRODUCT_NAME = "$(TARGET_NAME)";
				SWIFT_EMIT_LOC_STRINGS = YES;
				SWIFT_VERSION = 5.0;
				TARGETED_DEVICE_FAMILY = "1,2";
			};
			name = Debug;
		};
		CCE3C7BA2B9037FC0089CF77 /* Release */ = {
			isa = XCBuildConfiguration;
			buildSettings = {
				ASSETCATALOG_COMPILER_APPICON_NAME = AppIcon;
				ASSETCATALOG_COMPILER_GLOBAL_ACCENT_COLOR_NAME = AccentColor;
				CODE_SIGN_STYLE = Automatic;
				CURRENT_PROJECT_VERSION = 1;
				DEVELOPMENT_ASSET_PATHS = "\"FriendsRai/Preview Content\"";
				DEVELOPMENT_TEAM = 792SAN8W5Y;
				ENABLE_PREVIEWS = YES;
				GENERATE_INFOPLIST_FILE = YES;
				INFOPLIST_FILE = FriendsRai/Info.plist;
				INFOPLIST_KEY_UIApplicationSceneManifest_Generation = YES;
				INFOPLIST_KEY_UIApplicationSupportsIndirectInputEvents = YES;
				INFOPLIST_KEY_UILaunchScreen_Generation = YES;
				INFOPLIST_KEY_UISupportedInterfaceOrientations = UIInterfaceOrientationPortrait;
				LD_RUNPATH_SEARCH_PATHS = (
					"$(inherited)",
					"@executable_path/Frameworks",
				);
				MARKETING_VERSION = 1.0;
				PRODUCT_BUNDLE_IDENTIFIER = krishmittal.FriendsRai;
				PRODUCT_NAME = "$(TARGET_NAME)";
				SWIFT_EMIT_LOC_STRINGS = YES;
				SWIFT_VERSION = 5.0;
				TARGETED_DEVICE_FAMILY = "1,2";
			};
			name = Release;
		};
/* End XCBuildConfiguration section */

/* Begin XCConfigurationList section */
		CCE3C7A52B9037FA0089CF77 /* Build configuration list for PBXProject "FriendsRai" */ = {
			isa = XCConfigurationList;
			buildConfigurations = (
				CCE3C7B62B9037FC0089CF77 /* Debug */,
				CCE3C7B72B9037FC0089CF77 /* Release */,
			);
			defaultConfigurationIsVisible = 0;
			defaultConfigurationName = Release;
		};
		CCE3C7B82B9037FC0089CF77 /* Build configuration list for PBXNativeTarget "FriendsRai" */ = {
			isa = XCConfigurationList;
			buildConfigurations = (
				CCE3C7B92B9037FC0089CF77 /* Debug */,
				CCE3C7BA2B9037FC0089CF77 /* Release */,
			);
			defaultConfigurationIsVisible = 0;
			defaultConfigurationName = Release;
		};
/* End XCConfigurationList section */

/* Begin XCRemoteSwiftPackageReference section */
		CCAFF7632B90AA1500C23FCD /* XCRemoteSwiftPackageReference "spline-ios" */ = {
			isa = XCRemoteSwiftPackageReference;
			repositoryURL = "https://github.com/splinetool/spline-ios";
			requirement = {
				branch = main;
				kind = branch;
			};
		};
		CCE3C7C32B9070E10089CF77 /* XCRemoteSwiftPackageReference "firebase-ios-sdk" */ = {
			isa = XCRemoteSwiftPackageReference;
			repositoryURL = "https://github.com/firebase/firebase-ios-sdk";
			requirement = {
				kind = upToNextMajorVersion;
				minimumVersion = 10.21.0;
			};
		};
		CCE3C7CE2B9070F80089CF77 /* XCRemoteSwiftPackageReference "GoogleSignIn-iOS" */ = {
			isa = XCRemoteSwiftPackageReference;
			repositoryURL = "https://github.com/google/GoogleSignIn-iOS.git";
			requirement = {
				kind = upToNextMajorVersion;
				minimumVersion = 7.0.0;
			};
		};
/* End XCRemoteSwiftPackageReference section */

/* Begin XCSwiftPackageProductDependency section */
		CCAFF7442B90747700C23FCD /* FirebaseAuth */ = {
			isa = XCSwiftPackageProductDependency;
			package = CCE3C7C32B9070E10089CF77 /* XCRemoteSwiftPackageReference "firebase-ios-sdk" */;
			productName = FirebaseAuth;
		};
		CCAFF7462B90747700C23FCD /* FirebaseAuthCombine-Community */ = {
			isa = XCSwiftPackageProductDependency;
			package = CCE3C7C32B9070E10089CF77 /* XCRemoteSwiftPackageReference "firebase-ios-sdk" */;
			productName = "FirebaseAuthCombine-Community";
		};
		CCAFF7542B907EB500C23FCD /* FirebaseFirestore */ = {
			isa = XCSwiftPackageProductDependency;
			package = CCE3C7C32B9070E10089CF77 /* XCRemoteSwiftPackageReference "firebase-ios-sdk" */;
			productName = FirebaseFirestore;
		};
		CCAFF7562B907EB500C23FCD /* FirebaseFirestoreCombine-Community */ = {
			isa = XCSwiftPackageProductDependency;
			package = CCE3C7C32B9070E10089CF77 /* XCRemoteSwiftPackageReference "firebase-ios-sdk" */;
			productName = "FirebaseFirestoreCombine-Community";
		};
		CCAFF7582B907EB500C23FCD /* FirebaseFirestoreSwift */ = {
			isa = XCSwiftPackageProductDependency;
			package = CCE3C7C32B9070E10089CF77 /* XCRemoteSwiftPackageReference "firebase-ios-sdk" */;
			productName = FirebaseFirestoreSwift;
		};
		CCAFF7642B90AA1500C23FCD /* SplineRuntime */ = {
			isa = XCSwiftPackageProductDependency;
			package = CCAFF7632B90AA1500C23FCD /* XCRemoteSwiftPackageReference "spline-ios" */;
			productName = SplineRuntime;
		};
		CCE3C7C42B9070E10089CF77 /* FirebaseAnalytics */ = {
			isa = XCSwiftPackageProductDependency;
			package = CCE3C7C32B9070E10089CF77 /* XCRemoteSwiftPackageReference "firebase-ios-sdk" */;
			productName = FirebaseAnalytics;
		};
		CCE3C7C62B9070E10089CF77 /* FirebaseAnalyticsOnDeviceConversion */ = {
			isa = XCSwiftPackageProductDependency;
			package = CCE3C7C32B9070E10089CF77 /* XCRemoteSwiftPackageReference "firebase-ios-sdk" */;
			productName = FirebaseAnalyticsOnDeviceConversion;
		};
		CCE3C7C82B9070E10089CF77 /* FirebaseAnalyticsSwift */ = {
			isa = XCSwiftPackageProductDependency;
			package = CCE3C7C32B9070E10089CF77 /* XCRemoteSwiftPackageReference "firebase-ios-sdk" */;
			productName = FirebaseAnalyticsSwift;
		};
		CCE3C7CA2B9070E10089CF77 /* FirebaseAnalyticsWithoutAdIdSupport */ = {
			isa = XCSwiftPackageProductDependency;
			package = CCE3C7C32B9070E10089CF77 /* XCRemoteSwiftPackageReference "firebase-ios-sdk" */;
			productName = FirebaseAnalyticsWithoutAdIdSupport;
		};
		CCE3C7CC2B9070E10089CF77 /* FirebaseAppCheck */ = {
			isa = XCSwiftPackageProductDependency;
			package = CCE3C7C32B9070E10089CF77 /* XCRemoteSwiftPackageReference "firebase-ios-sdk" */;
			productName = FirebaseAppCheck;
		};
		CCE3C7CF2B9070F80089CF77 /* GoogleSignIn */ = {
			isa = XCSwiftPackageProductDependency;
			package = CCE3C7CE2B9070F80089CF77 /* XCRemoteSwiftPackageReference "GoogleSignIn-iOS" */;
			productName = GoogleSignIn;
		};
		CCE3C7D12B9070F80089CF77 /* GoogleSignInSwift */ = {
			isa = XCSwiftPackageProductDependency;
			package = CCE3C7CE2B9070F80089CF77 /* XCRemoteSwiftPackageReference "GoogleSignIn-iOS" */;
			productName = GoogleSignInSwift;
		};
/* End XCSwiftPackageProductDependency section */
	};
	rootObject = CCE3C7A22B9037FA0089CF77 /* Project object */;
}
